
Microsoft Visual Studio Solution File, Format Version 12.00
# Visual Studio Version 17
VisualStudioVersion = 17.14.37111.16 d17.14
MinimumVisualStudioVersion = 10.0.40219.1
Project("{FAE04EC0-301F-11D3-BF4B-00C04F79EFBC}") = "LKM1_Perpustakaan", "LKM1_Perpustakaan\LKM1_Perpustakaan.csproj", "{10597BFE-2EE0-4AD8-9C04-A5A7BCFCDEF8}"
EndProject
Global
	GlobalSection(SolutionConfigurationPlatforms) = preSolution
		Debug|Any CPU = Debug|Any CPU
		Release|Any CPU = Release|Any CPU
	EndGlobalSection
	GlobalSection(ProjectConfigurationPlatforms) = postSolution
		{10597BFE-2EE0-4AD8-9C04-A5A7BCFCDEF8}.Debug|Any CPU.ActiveCfg = Debug|Any CPU
		{10597BFE-2EE0-4AD8-9C04-A5A7BCFCDEF8}.Debug|Any CPU.Build.0 = Debug|Any CPU
		{10597BFE-2EE0-4AD8-9C04-A5A7BCFCDEF8}.Release|Any CPU.ActiveCfg = Release|Any CPU
		{10597BFE-2EE0-4AD8-9C04-A5A7BCFCDEF8}.Release|Any CPU.Build.0 = Release|Any CPU
	EndGlobalSection
	GlobalSection(SolutionProperties) = preSolution
		HideSolutionNode = FALSE
	EndGlobalSection
	GlobalSection(ExtensibilityGlobals) = postSolution
		SolutionGuid = {DB0F2A4F-3BD3-45EB-9E9E-5D74F682C427}
	EndGlobalSection
EndGlobal
